// !$*UTF8*$!
{
	archiveVersion = 1;
	classes = {
	};
	objectVersion = 48;
	objects = {

/* Begin PBXBuildFile section */
		7E8737831FC0EAA6008EFC89 /* AppDelegate.swift in Sources */ = {isa = PBXBuildFile; fileRef = 7E8737821FC0EAA6008EFC89 /* AppDelegate.swift */; };
		7E8737881FC0EAA6008EFC89 /* Main.storyboard in Resources */ = {isa = PBXBuildFile; fileRef = 7E8737861FC0EAA6008EFC89 /* Main.storyboard */; };
		7E87378A1FC0EAA6008EFC89 /* Assets.xcassets in Resources */ = {isa = PBXBuildFile; fileRef = 7E8737891FC0EAA6008EFC89 /* Assets.xcassets */; };
		7E87378D1FC0EAA6008EFC89 /* LaunchScreen.storyboard in Resources */ = {isa = PBXBuildFile; fileRef = 7E87378B1FC0EAA6008EFC89 /* LaunchScreen.storyboard */; };
		7E8737921FC0EAA6008EFC89 /* WatchHRV WatchKit App.app in Embed Watch Content */ = {isa = PBXBuildFile; fileRef = 7E8737911FC0EAA6008EFC89 /* WatchHRV WatchKit App.app */; };
		7E8737981FC0EAA6008EFC89 /* Interface.storyboard in Resources */ = {isa = PBXBuildFile; fileRef = 7E8737961FC0EAA6008EFC89 /* Interface.storyboard */; };
		7E87379A1FC0EAA6008EFC89 /* Assets.xcassets in Resources */ = {isa = PBXBuildFile; fileRef = 7E8737991FC0EAA6008EFC89 /* Assets.xcassets */; };
		7E8737A11FC0EAA6008EFC89 /* WatchHRV WatchKit Extension.appex in Embed App Extensions */ = {isa = PBXBuildFile; fileRef = 7E8737A01FC0EAA6008EFC89 /* WatchHRV WatchKit Extension.appex */; settings = {ATTRIBUTES = (RemoveHeadersOnCopy, ); }; };
		7E8737A61FC0EAA6008EFC89 /* InterfaceController.swift in Sources */ = {isa = PBXBuildFile; fileRef = 7E8737A51FC0EAA6008EFC89 /* InterfaceController.swift */; };
		7E8737A81FC0EAA6008EFC89 /* ExtensionDelegate.swift in Sources */ = {isa = PBXBuildFile; fileRef = 7E8737A71FC0EAA6008EFC89 /* ExtensionDelegate.swift */; };
		7E8737AA1FC0EAA6008EFC89 /* NotificationController.swift in Sources */ = {isa = PBXBuildFile; fileRef = 7E8737A91FC0EAA6008EFC89 /* NotificationController.swift */; };
		7E8737AC1FC0EAA6008EFC89 /* ComplicationController.swift in Sources */ = {isa = PBXBuildFile; fileRef = 7E8737AB1FC0EAA6008EFC89 /* ComplicationController.swift */; };
		7E8737AE1FC0EAA6008EFC89 /* Assets.xcassets in Resources */ = {isa = PBXBuildFile; fileRef = 7E8737AD1FC0EAA6008EFC89 /* Assets.xcassets */; };
		7E8737C11FC0EBD1008EFC89 /* HealthKit.framework in Frameworks */ = {isa = PBXBuildFile; fileRef = 7E8737C01FC0EBD1008EFC89 /* HealthKit.framework */; };
		7E8737C81FC1009E008EFC89 /* TableViewController.swift in Sources */ = {isa = PBXBuildFile; fileRef = 7E8737C71FC1009E008EFC89 /* TableViewController.swift */; };
/* End PBXBuildFile section */

/* Begin PBXContainerItemProxy section */
		7E8737931FC0EAA6008EFC89 /* PBXContainerItemProxy */ = {
			isa = PBXContainerItemProxy;
			containerPortal = 7E8737771FC0EAA6008EFC89 /* Project object */;
			proxyType = 1;
			remoteGlobalIDString = 7E8737901FC0EAA6008EFC89;
			remoteInfo = "WatchHRV WatchKit App";
		};
		7E8737A21FC0EAA6008EFC89 /* PBXContainerItemProxy */ = {
			isa = PBXContainerItemProxy;
			containerPortal = 7E8737771FC0EAA6008EFC89 /* Project object */;
			proxyType = 1;
			remoteGlobalIDString = 7E87379F1FC0EAA6008EFC89;
			remoteInfo = "WatchHRV WatchKit Extension";
		};
/* End PBXContainerItemProxy section */

/* Begin PBXCopyFilesBuildPhase section */
		7E8737B61FC0EAA6008EFC89 /* Embed App Extensions */ = {
			isa = PBXCopyFilesBuildPhase;
			buildActionMask = 2147483647;
			dstPath = "";
			dstSubfolderSpec = 13;
			files = (
				7E8737A11FC0EAA6008EFC89 /* WatchHRV WatchKit Extension.appex in Embed App Extensions */,
			);
			name = "Embed App Extensions";
			runOnlyForDeploymentPostprocessing = 0;
		};
		7E8737BA1FC0EAA6008EFC89 /* Embed Watch Content */ = {
			isa = PBXCopyFilesBuildPhase;
			buildActionMask = 2147483647;
			dstPath = "$(CONTENTS_FOLDER_PATH)/Watch";
			dstSubfolderSpec = 16;
			files = (
				7E8737921FC0EAA6008EFC89 /* WatchHRV WatchKit App.app in Embed Watch Content */,
			);
			name = "Embed Watch Content";
			runOnlyForDeploymentPostprocessing = 0;
		};
/* End PBXCopyFilesBuildPhase section */

/* Begin PBXFileReference section */
		7E87377F1FC0EAA6008EFC89 /* WatchHRV.app */ = {isa = PBXFileReference; explicitFileType = wrapper.application; includeInIndex = 0; path = WatchHRV.app; sourceTree = BUILT_PRODUCTS_DIR; };
		7E8737821FC0EAA6008EFC89 /* AppDelegate.swift */ = {isa = PBXFileReference; lastKnownFileType = sourcecode.swift; path = AppDelegate.swift; sourceTree = "<group>"; };
		7E8737871FC0EAA6008EFC89 /* Base */ = {isa = PBXFileReference; lastKnownFileType = file.storyboard; name = Base; path = Base.lproj/Main.storyboard; sourceTree = "<group>"; };
		7E8737891FC0EAA6008EFC89 /* Assets.xcassets */ = {isa = PBXFileReference; lastKnownFileType = folder.assetcatalog; path = Assets.xcassets; sourceTree = "<group>"; };
		7E87378C1FC0EAA6008EFC89 /* Base */ = {isa = PBXFileReference; lastKnownFileType = file.storyboard; name = Base; path = Base.lproj/LaunchScreen.storyboard; sourceTree = "<group>"; };
		7E87378E1FC0EAA6008EFC89 /* Info.plist */ = {isa = PBXFileReference; lastKnownFileType = text.plist.xml; path = Info.plist; sourceTree = "<group>"; };
		7E8737911FC0EAA6008EFC89 /* WatchHRV WatchKit App.app */ = {isa = PBXFileReference; explicitFileType = wrapper.application; includeInIndex = 0; path = "WatchHRV WatchKit App.app"; sourceTree = BUILT_PRODUCTS_DIR; };
		7E8737971FC0EAA6008EFC89 /* Base */ = {isa = PBXFileReference; lastKnownFileType = file.storyboard; name = Base; path = Base.lproj/Interface.storyboard; sourceTree = "<group>"; };
		7E8737991FC0EAA6008EFC89 /* Assets.xcassets */ = {isa = PBXFileReference; lastKnownFileType = folder.assetcatalog; path = Assets.xcassets; sourceTree = "<group>"; };
		7E87379B1FC0EAA6008EFC89 /* Info.plist */ = {isa = PBXFileReference; lastKnownFileType = text.plist.xml; path = Info.plist; sourceTree = "<group>"; };
		7E8737A01FC0EAA6008EFC89 /* WatchHRV WatchKit Extension.appex */ = {isa = PBXFileReference; explicitFileType = "wrapper.app-extension"; includeInIndex = 0; path = "WatchHRV WatchKit Extension.appex"; sourceTree = BUILT_PRODUCTS_DIR; };
		7E8737A51FC0EAA6008EFC89 /* InterfaceController.swift */ = {isa = PBXFileReference; lastKnownFileType = sourcecode.swift; path = InterfaceController.swift; sourceTree = "<group>"; };
		7E8737A71FC0EAA6008EFC89 /* ExtensionDelegate.swift */ = {isa = PBXFileReference; lastKnownFileType = sourcecode.swift; path = ExtensionDelegate.swift; sourceTree = "<group>"; };
		7E8737A91FC0EAA6008EFC89 /* NotificationController.swift */ = {isa = PBXFileReference; lastKnownFileType = sourcecode.swift; path = NotificationController.swift; sourceTree = "<group>"; };
		7E8737AB1FC0EAA6008EFC89 /* ComplicationController.swift */ = {isa = PBXFileReference; lastKnownFileType = sourcecode.swift; path = ComplicationController.swift; sourceTree = "<group>"; };
		7E8737AD1FC0EAA6008EFC89 /* Assets.xcassets */ = {isa = PBXFileReference; lastKnownFileType = folder.assetcatalog; path = Assets.xcassets; sourceTree = "<group>"; };
		7E8737AF1FC0EAA6008EFC89 /* Info.plist */ = {isa = PBXFileReference; lastKnownFileType = text.plist.xml; path = Info.plist; sourceTree = "<group>"; };
		7E8737B01FC0EAA6008EFC89 /* PushNotificationPayload.apns */ = {isa = PBXFileReference; lastKnownFileType = text; path = PushNotificationPayload.apns; sourceTree = "<group>"; };
		7E8737BE1FC0EBA7008EFC89 /* WatchHRV.entitlements */ = {isa = PBXFileReference; lastKnownFileType = text.plist.entitlements; path = WatchHRV.entitlements; sourceTree = "<group>"; };
		7E8737C01FC0EBD1008EFC89 /* HealthKit.framework */ = {isa = PBXFileReference; lastKnownFileType = wrapper.framework; name = HealthKit.framework; path = System/Library/Frameworks/HealthKit.framework; sourceTree = SDKROOT; };
		7E8737C21FC0EBE2008EFC89 /* WatchHRV WatchKit Extension.entitlements */ = {isa = PBXFileReference; lastKnownFileType = text.plist.entitlements; path = "WatchHRV WatchKit Extension.entitlements"; sourceTree = "<group>"; };
		7E8737C71FC1009E008EFC89 /* TableViewController.swift */ = {isa = PBXFileReference; lastKnownFileType = sourcecode.swift; path = TableViewController.swift; sourceTree = "<group>"; };
/* End PBXFileReference section */

/* Begin PBXFrameworksBuildPhase section */
		7E87377C1FC0EAA6008EFC89 /* Frameworks */ = {
			isa = PBXFrameworksBuildPhase;
			buildActionMask = 2147483647;
			files = (
				7E8737C11FC0EBD1008EFC89 /* HealthKit.framework in Frameworks */,
			);
			runOnlyForDeploymentPostprocessing = 0;
		};
		7E87379D1FC0EAA6008EFC89 /* Frameworks */ = {
			isa = PBXFrameworksBuildPhase;
			buildActionMask = 2147483647;
			files = (
			);
			runOnlyForDeploymentPostprocessing = 0;
		};
/* End PBXFrameworksBuildPhase section */

/* Begin PBXGroup section */
		7E8737761FC0EAA6008EFC89 = {
			isa = PBXGroup;
			children = (
				7E8737811FC0EAA6008EFC89 /* WatchHRV */,
				7E8737951FC0EAA6008EFC89 /* WatchHRV WatchKit App */,
				7E8737A41FC0EAA6008EFC89 /* WatchHRV WatchKit Extension */,
				7E8737801FC0EAA6008EFC89 /* Products */,
				7E8737BF1FC0EBD1008EFC89 /* Frameworks */,
			);
			sourceTree = "<group>";
		};
		7E8737801FC0EAA6008EFC89 /* Products */ = {
			isa = PBXGroup;
			children = (
				7E87377F1FC0EAA6008EFC89 /* WatchHRV.app */,
				7E8737911FC0EAA6008EFC89 /* WatchHRV WatchKit App.app */,
				7E8737A01FC0EAA6008EFC89 /* WatchHRV WatchKit Extension.appex */,
			);
			name = Products;
			sourceTree = "<group>";
		};
		7E8737811FC0EAA6008EFC89 /* WatchHRV */ = {
			isa = PBXGroup;
			children = (
				7E8737BE1FC0EBA7008EFC89 /* WatchHRV.entitlements */,
				7E8737821FC0EAA6008EFC89 /* AppDelegate.swift */,
				7E8737C71FC1009E008EFC89 /* TableViewController.swift */,
				7E8737861FC0EAA6008EFC89 /* Main.storyboard */,
				7E8737891FC0EAA6008EFC89 /* Assets.xcassets */,
				7E87378B1FC0EAA6008EFC89 /* LaunchScreen.storyboard */,
				7E87378E1FC0EAA6008EFC89 /* Info.plist */,
			);
			path = WatchHRV;
			sourceTree = "<group>";
		};
		7E8737951FC0EAA6008EFC89 /* WatchHRV WatchKit App */ = {
			isa = PBXGroup;
			children = (
				7E8737961FC0EAA6008EFC89 /* Interface.storyboard */,
				7E8737991FC0EAA6008EFC89 /* Assets.xcassets */,
				7E87379B1FC0EAA6008EFC89 /* Info.plist */,
			);
			path = "WatchHRV WatchKit App";
			sourceTree = "<group>";
		};
		7E8737A41FC0EAA6008EFC89 /* WatchHRV WatchKit Extension */ = {
			isa = PBXGroup;
			children = (
				7E8737C21FC0EBE2008EFC89 /* WatchHRV WatchKit Extension.entitlements */,
				7E8737A51FC0EAA6008EFC89 /* InterfaceController.swift */,
				7E8737A71FC0EAA6008EFC89 /* ExtensionDelegate.swift */,
				7E8737A91FC0EAA6008EFC89 /* NotificationController.swift */,
				7E8737AB1FC0EAA6008EFC89 /* ComplicationController.swift */,
				7E8737AD1FC0EAA6008EFC89 /* Assets.xcassets */,
				7E8737AF1FC0EAA6008EFC89 /* Info.plist */,
				7E8737B01FC0EAA6008EFC89 /* PushNotificationPayload.apns */,
			);
			path = "WatchHRV WatchKit Extension";
			sourceTree = "<group>";
		};
		7E8737BF1FC0EBD1008EFC89 /* Frameworks */ = {
			isa = PBXGroup;
			children = (
				7E8737C01FC0EBD1008EFC89 /* HealthKit.framework */,
			);
			name = Frameworks;
			sourceTree = "<group>";
		};
/* End PBXGroup section */

/* Begin PBXNativeTarget section */
		7E87377E1FC0EAA6008EFC89 /* WatchHRV */ = {
			isa = PBXNativeTarget;
			buildConfigurationList = 7E8737BB1FC0EAA6008EFC89 /* Build configuration list for PBXNativeTarget "WatchHRV" */;
			buildPhases = (
				7E87377B1FC0EAA6008EFC89 /* Sources */,
				7E87377C1FC0EAA6008EFC89 /* Frameworks */,
				7E87377D1FC0EAA6008EFC89 /* Resources */,
				7E8737BA1FC0EAA6008EFC89 /* Embed Watch Content */,
			);
			buildRules = (
			);
			dependencies = (
				7E8737941FC0EAA6008EFC89 /* PBXTargetDependency */,
			);
			name = WatchHRV;
			productName = WatchHRV;
			productReference = 7E87377F1FC0EAA6008EFC89 /* WatchHRV.app */;
			productType = "com.apple.product-type.application";
		};
		7E8737901FC0EAA6008EFC89 /* WatchHRV WatchKit App */ = {
			isa = PBXNativeTarget;
			buildConfigurationList = 7E8737B71FC0EAA6008EFC89 /* Build configuration list for PBXNativeTarget "WatchHRV WatchKit App" */;
			buildPhases = (
				7E87378F1FC0EAA6008EFC89 /* Resources */,
				7E8737B61FC0EAA6008EFC89 /* Embed App Extensions */,
			);
			buildRules = (
			);
			dependencies = (
				7E8737A31FC0EAA6008EFC89 /* PBXTargetDependency */,
			);
			name = "WatchHRV WatchKit App";
			productName = "WatchHRV WatchKit App";
			productReference = 7E8737911FC0EAA6008EFC89 /* WatchHRV WatchKit App.app */;
			productType = "com.apple.product-type.application.watchapp2";
		};
		7E87379F1FC0EAA6008EFC89 /* WatchHRV WatchKit Extension */ = {
			isa = PBXNativeTarget;
			buildConfigurationList = 7E8737B31FC0EAA6008EFC89 /* Build configuration list for PBXNativeTarget "WatchHRV WatchKit Extension" */;
			buildPhases = (
				7E87379C1FC0EAA6008EFC89 /* Sources */,
				7E87379D1FC0EAA6008EFC89 /* Frameworks */,
				7E87379E1FC0EAA6008EFC89 /* Resources */,
			);
			buildRules = (
			);
			dependencies = (
			);
			name = "WatchHRV WatchKit Extension";
			productName = "WatchHRV WatchKit Extension";
			productReference = 7E8737A01FC0EAA6008EFC89 /* WatchHRV WatchKit Extension.appex */;
			productType = "com.apple.product-type.watchkit2-extension";
		};
/* End PBXNativeTarget section */

/* Begin PBXProject section */
		7E8737771FC0EAA6008EFC89 /* Project object */ = {
			isa = PBXProject;
			attributes = {
				LastSwiftUpdateCheck = 0910;
				LastUpgradeCheck = 0910;
				ORGANIZATIONNAME = "Jacopo Mangiavacchi";
				TargetAttributes = {
					7E87377E1FC0EAA6008EFC89 = {
						CreatedOnToolsVersion = 9.1;
						ProvisioningStyle = Automatic;
						SystemCapabilities = {
							com.apple.HealthKit = {
								enabled = 1;
							};
						};
					};
					7E8737901FC0EAA6008EFC89 = {
						CreatedOnToolsVersion = 9.1;
						ProvisioningStyle = Automatic;
					};
					7E87379F1FC0EAA6008EFC89 = {
						CreatedOnToolsVersion = 9.1;
						ProvisioningStyle = Automatic;
						SystemCapabilities = {
							com.apple.BackgroundModes.watchos.extension = {
								enabled = 1;
							};
							com.apple.HealthKit.watchos = {
								enabled = 1;
							};
							com.apple.HomeKit = {
								enabled = 0;
							};
						};
					};
				};
			};
			buildConfigurationList = 7E87377A1FC0EAA6008EFC89 /* Build configuration list for PBXProject "WatchHRV" */;
			compatibilityVersion = "Xcode 8.0";
			developmentRegion = en;
			hasScannedForEncodings = 0;
			knownRegions = (
				en,
				Base,
			);
			mainGroup = 7E8737761FC0EAA6008EFC89;
			productRefGroup = 7E8737801FC0EAA6008EFC89 /* Products */;
			projectDirPath = "";
			projectRoot = "";
			targets = (
				7E87377E1FC0EAA6008EFC89 /* WatchHRV */,
				7E8737901FC0EAA6008EFC89 /* WatchHRV WatchKit App */,
				7E87379F1FC0EAA6008EFC89 /* WatchHRV WatchKit Extension */,
			);
		};
/* End PBXProject section */

/* Begin PBXResourcesBuildPhase section */
		7E87377D1FC0EAA6008EFC89 /* Resources */ = {
			isa = PBXResourcesBuildPhase;
			buildActionMask = 2147483647;
			files = (
				7E87378D1FC0EAA6008EFC89 /* LaunchScreen.storyboard in Resources */,
				7E87378A1FC0EAA6008EFC89 /* Assets.xcassets in Resources */,
				7E8737881FC0EAA6008EFC89 /* Main.storyboard in Resources */,
			);
			runOnlyForDeploymentPostprocessing = 0;
		};
		7E87378F1FC0EAA6008EFC89 /* Resources */ = {
			isa = PBXResourcesBuildPhase;
			buildActionMask = 2147483647;
			files = (
				7E87379A1FC0EAA6008EFC89 /* Assets.xcassets in Resources */,
				7E8737981FC0EAA6008EFC89 /* Interface.storyboard in Resources */,
			);
			runOnlyForDeploymentPostprocessing = 0;
		};
		7E87379E1FC0EAA6008EFC89 /* Resources */ = {
			isa = PBXResourcesBuildPhase;
			buildActionMask = 2147483647;
			files = (
				7E8737AE1FC0EAA6008EFC89 /* Assets.xcassets in Resources */,
			);
			runOnlyForDeploymentPostprocessing = 0;
		};
/* End PBXResourcesBuildPhase section */

/* Begin PBXSourcesBuildPhase section */
		7E87377B1FC0EAA6008EFC89 /* Sources */ = {
			isa = PBXSourcesBuildPhase;
			buildActionMask = 2147483647;
			files = (
				7E8737C81FC1009E008EFC89 /* TableViewController.swift in Sources */,
				7E8737831FC0EAA6008EFC89 /* AppDelegate.swift in Sources */,
			);
			runOnlyForDeploymentPostprocessing = 0;
		};
		7E87379C1FC0EAA6008EFC89 /* Sources */ = {
			isa = PBXSourcesBuildPhase;
			buildActionMask = 2147483647;
			files = (
				7E8737AA1FC0EAA6008EFC89 /* NotificationController.swift in Sources */,
				7E8737AC1FC0EAA6008EFC89 /* ComplicationController.swift in Sources */,
				7E8737A81FC0EAA6008EFC89 /* ExtensionDelegate.swift in Sources */,
				7E8737A61FC0EAA6008EFC89 /* InterfaceController.swift in Sources */,
			);
			runOnlyForDeploymentPostprocessing = 0;
		};
/* End PBXSourcesBuildPhase section */

/* Begin PBXTargetDependency section */
		7E8737941FC0EAA6008EFC89 /* PBXTargetDependency */ = {
			isa = PBXTargetDependency;
			target = 7E8737901FC0EAA6008EFC89 /* WatchHRV WatchKit App */;
			targetProxy = 7E8737931FC0EAA6008EFC89 /* PBXContainerItemProxy */;
		};
		7E8737A31FC0EAA6008EFC89 /* PBXTargetDependency */ = {
			isa = PBXTargetDependency;
			target = 7E87379F1FC0EAA6008EFC89 /* WatchHRV WatchKit Extension */;
			targetProxy = 7E8737A21FC0EAA6008EFC89 /* PBXContainerItemProxy */;
		};
/* End PBXTargetDependency section */

/* Begin PBXVariantGroup section */
		7E8737861FC0EAA6008EFC89 /* Main.storyboard */ = {
			isa = PBXVariantGroup;
			children = (
				7E8737871FC0EAA6008EFC89 /* Base */,
			);
			name = Main.storyboard;
			sourceTree = "<group>";
		};
		7E87378B1FC0EAA6008EFC89 /* LaunchScreen.storyboard */ = {
			isa = PBXVariantGroup;
			children = (
				7E87378C1FC0EAA6008EFC89 /* Base */,
			);
			name = LaunchScreen.storyboard;
			sourceTree = "<group>";
		};
		7E8737961FC0EAA6008EFC89 /* Interface.storyboard */ = {
			isa = PBXVariantGroup;
			children = (
				7E8737971FC0EAA6008EFC89 /* Base */,
			);
			name = Interface.storyboard;
			sourceTree = "<group>";
		};
/* End PBXVariantGroup section */

/* Begin XCBuildConfiguration section */
		7E8737B11FC0EAA6008EFC89 /* Debug */ = {
			isa = XCBuildConfiguration;
			buildSettings = {
				ALWAYS_SEARCH_USER_PATHS = NO;
				CLANG_ANALYZER_NONNULL = YES;
				CLANG_ANALYZER_NUMBER_OBJECT_CONVERSION = YES_AGGRESSIVE;
				CLANG_CXX_LANGUAGE_STANDARD = "gnu++14";
				CLANG_CXX_LIBRARY = "libc++";
				CLANG_ENABLE_MODULES = YES;
				CLANG_ENABLE_OBJC_ARC = YES;
				CLANG_WARN_BLOCK_CAPTURE_AUTORELEASING = YES;
				CLANG_WARN_BOOL_CONVERSION = YES;
				CLANG_WARN_COMMA = YES;
				CLANG_WARN_CONSTANT_CONVERSION = YES;
				CLANG_WARN_DIRECT_OBJC_ISA_USAGE = YES_ERROR;
				CLANG_WARN_DOCUMENTATION_COMMENTS = YES;
				CLANG_WARN_EMPTY_BODY = YES;
				CLANG_WARN_ENUM_CONVERSION = YES;
				CLANG_WARN_INFINITE_RECURSION = YES;
				CLANG_WARN_INT_CONVERSION = YES;
				CLANG_WARN_NON_LITERAL_NULL_CONVERSION = YES;
				CLANG_WARN_OBJC_LITERAL_CONVERSION = YES;
				CLANG_WARN_OBJC_ROOT_CLASS = YES_ERROR;
				CLANG_WARN_RANGE_LOOP_ANALYSIS = YES;
				CLANG_WARN_STRICT_PROTOTYPES = YES;
				CLANG_WARN_SUSPICIOUS_MOVE = YES;
				CLANG_WARN_UNGUARDED_AVAILABILITY = YES_AGGRESSIVE;
				CLANG_WARN_UNREACHABLE_CODE = YES;
				CLANG_WARN__DUPLICATE_METHOD_MATCH = YES;
				CODE_SIGN_IDENTITY = "iPhone Developer";
				COPY_PHASE_STRIP = NO;
				DEBUG_INFORMATION_FORMAT = dwarf;
				ENABLE_STRICT_OBJC_MSGSEND = YES;
				ENABLE_TESTABILITY = YES;
				GCC_C_LANGUAGE_STANDARD = gnu11;
				GCC_DYNAMIC_NO_PIC = NO;
				GCC_NO_COMMON_BLOCKS = YES;
				GCC_OPTIMIZATION_LEVEL = 0;
				GCC_PREPROCESSOR_DEFINITIONS = (
					"DEBUG=1",
					"$(inherited)",
				);
				GCC_WARN_64_TO_32_BIT_CONVERSION = YES;
				GCC_WARN_ABOUT_RETURN_TYPE = YES_ERROR;
				GCC_WARN_UNDECLARED_SELECTOR = YES;
				GCC_WARN_UNINITIALIZED_AUTOS = YES_AGGRESSIVE;
				GCC_WARN_UNUSED_FUNCTION = YES;
				GCC_WARN_UNUSED_VARIABLE = YES;
				IPHONEOS_DEPLOYMENT_TARGET = 14.0;
				MTL_ENABLE_DEBUG_INFO = YES;
				ONLY_ACTIVE_ARCH = YES;
				SDKROOT = iphoneos;
				SWIFT_ACTIVE_COMPILATION_CONDITIONS = DEBUG;
				SWIFT_OPTIMIZATION_LEVEL = "-Onone";
				WATCHOS_DEPLOYMENT_TARGET = 8.0;
			};
			name = Debug;
		};
		7E8737B21FC0EAA6008EFC89 /* Release */ = {
			isa = XCBuildConfiguration;
			buildSettings = {
				ALWAYS_SEARCH_USER_PATHS = NO;
				CLANG_ANALYZER_NONNULL = YES;
				CLANG_ANALYZER_NUMBER_OBJECT_CONVERSION = YES_AGGRESSIVE;
				CLANG_CXX_LANGUAGE_STANDARD = "gnu++14";
				CLANG_CXX_LIBRARY = "libc++";
				CLANG_ENABLE_MODULES = YES;
				CLANG_ENABLE_OBJC_ARC = YES;
				CLANG_WARN_BLOCK_CAPTURE_AUTORELEASING = YES;
				CLANG_WARN_BOOL_CONVERSION = YES;
				CLANG_WARN_COMMA = YES;
				CLANG_WARN_CONSTANT_CONVERSION = YES;
				CLANG_WARN_DIRECT_OBJC_ISA_USAGE = YES_ERROR;
				CLANG_WARN_DOCUMENTATION_COMMENTS = YES;
				CLANG_WARN_EMPTY_BODY = YES;
				CLANG_WARN_ENUM_CONVERSION = YES;
				CLANG_WARN_INFINITE_RECURSION = YES;
				CLANG_WARN_INT_CONVERSION = YES;
				CLANG_WARN_NON_LITERAL_NULL_CONVERSION = YES;
				CLANG_WARN_OBJC_LITERAL_CONVERSION = YES;
				CLANG_WARN_OBJC_ROOT_CLASS = YES_ERROR;
				CLANG_WARN_RANGE_LOOP_ANALYSIS = YES;
				CLANG_WARN_STRICT_PROTOTYPES = YES;
				CLANG_WARN_SUSPICIOUS_MOVE = YES;
				CLANG_WARN_UNGUARDED_AVAILABILITY = YES_AGGRESSIVE;
				CLANG_WARN_UNREACHABLE_CODE = YES;
				CLANG_WARN__DUPLICATE_METHOD_MATCH = YES;
				CODE_SIGN_IDENTITY = "iPhone Developer";
				COPY_PHASE_STRIP = NO;
				DEBUG_INFORMATION_FORMAT = "dwarf-with-dsym";
				ENABLE_NS_ASSERTIONS = NO;
				ENABLE_STRICT_OBJC_MSGSEND = YES;
				GCC_C_LANGUAGE_STANDARD = gnu11;
				GCC_NO_COMMON_BLOCKS = YES;
				GCC_WARN_64_TO_32_BIT_CONVERSION = YES;
				GCC_WARN_ABOUT_RETURN_TYPE = YES_ERROR;
				GCC_WARN_UNDECLARED_SELECTOR = YES;
				GCC_WARN_UNINITIALIZED_AUTOS = YES_AGGRESSIVE;
				GCC_WARN_UNUSED_FUNCTION = YES;
				GCC_WARN_UNUSED_VARIABLE = YES;
				IPHONEOS_DEPLOYMENT_TARGET = 14.0;
				MTL_ENABLE_DEBUG_INFO = NO;
				SDKROOT = iphoneos;
				SWIFT_OPTIMIZATION_LEVEL = "-Owholemodule";
				VALIDATE_PRODUCT = YES;
				WATCHOS_DEPLOYMENT_TARGET = 8.0;
			};
			name = Release;
		};
		7E8737B41FC0EAA6008EFC89 /* Debug */ = {
			isa = XCBuildConfiguration;
			buildSettings = {
				ASSETCATALOG_COMPILER_APPICON_NAME = AppIcon;
				ASSETCATALOG_COMPILER_COMPLICATION_NAME = Complication;
				CODE_SIGN_ENTITLEMENTS = "WatchHRV WatchKit Extension/WatchHRV WatchKit Extension.entitlements";
				CODE_SIGN_STYLE = Automatic;
				DEVELOPMENT_TEAM = 64X8MK7L4V;
				INFOPLIST_FILE = "WatchHRV WatchKit Extension/Info.plist";
				LD_RUNPATH_SEARCH_PATHS = "$(inherited) @executable_path/Frameworks @executable_path/../../Frameworks";
				PRODUCT_BUNDLE_IDENTIFIER = com.cherith.watchHRV.watchkitapp.watchkitextension;
				PRODUCT_NAME = "${TARGET_NAME}";
				SDKROOT = watchos;
				SKIP_INSTALL = YES;
				SWIFT_VERSION = 4.0;
				TARGETED_DEVICE_FAMILY = 4;
				WATCHOS_DEPLOYMENT_TARGET = 4.1;
			};
			name = Debug;
		};
		7E8737B51FC0EAA6008EFC89 /* Release */ = {
			isa = XCBuildConfiguration;
			buildSettings = {
				ASSETCATALOG_COMPILER_APPICON_NAME = AppIcon;
				ASSETCATALOG_COMPILER_COMPLICATION_NAME = Complication;
				CODE_SIGN_ENTITLEMENTS = "WatchHRV WatchKit Extension/WatchHRV WatchKit Extension.entitlements";
				CODE_SIGN_STYLE = Automatic;
				DEVELOPMENT_TEAM = 64X8MK7L4V;
				INFOPLIST_FILE = "WatchHRV WatchKit Extension/Info.plist";
				LD_RUNPATH_SEARCH_PATHS = "$(inherited) @executable_path/Frameworks @executable_path/../../Frameworks";
				PRODUCT_BUNDLE_IDENTIFIER = com.cherith.watchHRV.watchkitapp.watchkitextension;
				PRODUCT_NAME = "${TARGET_NAME}";
				SDKROOT = watchos;
				SKIP_INSTALL = YES;
				SWIFT_VERSION = 4.0;
				TARGETED_DEVICE_FAMILY = 4;
				WATCHOS_DEPLOYMENT_TARGET = 4.1;
			};
			name = Release;
		};
		7E8737B81FC0EAA6008EFC89 /* Debug */ = {
			isa = XCBuildConfiguration;
			buildSettings = {
				ALWAYS_EMBED_SWIFT_STANDARD_LIBRARIES = YES;
				ASSETCATALOG_COMPILER_APPICON_NAME = AppIcon;
				CODE_SIGN_STYLE = Automatic;
				DEVELOPMENT_TEAM = 64X8MK7L4V;
				IBSC_MODULE = WatchHRV_WatchKit_Extension;
				INFOPLIST_FILE = "WatchHRV WatchKit App/Info.plist";
				PRODUCT_BUNDLE_IDENTIFIER = com.cherith.watchHRV.watchkitapp;
				PRODUCT_NAME = "$(TARGET_NAME)";
				SDKROOT = watchos;
				SKIP_INSTALL = YES;
				SWIFT_VERSION = 4.0;
				TARGETED_DEVICE_FAMILY = 4;
				WATCHOS_DEPLOYMENT_TARGET = 4.1;
			};
			name = Debug;
		};
		7E8737B91FC0EAA6008EFC89 /* Release */ = {
			isa = XCBuildConfiguration;
			buildSettings = {
				ALWAYS_EMBED_SWIFT_STANDARD_LIBRARIES = YES;
				ASSETCATALOG_COMPILER_APPICON_NAME = AppIcon;
				CODE_SIGN_STYLE = Automatic;
				DEVELOPMENT_TEAM = 64X8MK7L4V;
				IBSC_MODULE = WatchHRV_WatchKit_Extension;
				INFOPLIST_FILE = "WatchHRV WatchKit App/Info.plist";
				PRODUCT_BUNDLE_IDENTIFIER = com.cherith.watchHRV.watchkitapp;
				PRODUCT_NAME = "$(TARGET_NAME)";
				SDKROOT = watchos;
				SKIP_INSTALL = YES;
				SWIFT_VERSION = 4.0;
				TARGETED_DEVICE_FAMILY = 4;
				WATCHOS_DEPLOYMENT_TARGET = 4.1;
			};
			name = Release;
		};
		7E8737BC1FC0EAA6008EFC89 /* Debug */ = {
			isa = XCBuildConfiguration;
			buildSettings = {
				ASSETCATALOG_COMPILER_APPICON_NAME = AppIcon;
				CODE_SIGN_ENTITLEMENTS = WatchHRV/WatchHRV.entitlements;
				CODE_SIGN_STYLE = Automatic;
				DEVELOPMENT_TEAM = 64X8MK7L4V;
				INFOPLIST_FILE = WatchHRV/Info.plist;
				INFOPLIST_KEY_CFBundleDisplayName = "test watch hrv";
				IPHONEOS_DEPLOYMENT_TARGET = 14.0;
				LD_RUNPATH_SEARCH_PATHS = "$(inherited) @executable_path/Frameworks";
				PRODUCT_BUNDLE_IDENTIFIER = com.cherith.watchHRV;
				PRODUCT_NAME = "$(TARGET_NAME)";
				SWIFT_VERSION = 4.0;
				TARGETED_DEVICE_FAMILY = "1,2";
			};
			name = Debug;
		};
		7E8737BD1FC0EAA6008EFC89 /* Release */ = {
			isa = XCBuildConfiguration;
			buildSettings = {
				ASSETCATALOG_COMPILER_APPICON_NAME = AppIcon;
				CODE_SIGN_ENTITLEMENTS = WatchHRV/WatchHRV.entitlements;
				CODE_SIGN_STYLE = Automatic;
				DEVELOPMENT_TEAM = 64X8MK7L4V;
				INFOPLIST_FILE = WatchHRV/Info.plist;
				INFOPLIST_KEY_CFBundleDisplayName = "test watch hrv";
				IPHONEOS_DEPLOYMENT_TARGET = 14.0;
				LD_RUNPATH_SEARCH_PATHS = "$(inherited) @executable_path/Frameworks";
				PRODUCT_BUNDLE_IDENTIFIER = com.cherith.watchHRV;
				PRODUCT_NAME = "$(TARGET_NAME)";
				SWIFT_VERSION = 4.0;
				TARGETED_DEVICE_FAMILY = "1,2";
			};
			name = Release;
		};
/* End XCBuildConfiguration section */

/* Begin XCConfigurationList section */
		7E87377A1FC0EAA6008EFC89 /* Build configuration list for PBXProject "WatchHRV" */ = {
			isa = XCConfigurationList;
			buildConfigurations = (
				7E8737B11FC0EAA6008EFC89 /* Debug */,
				7E8737B21FC0EAA6008EFC89 /* Release */,
			);
			defaultConfigurationIsVisible = 0;
			defaultConfigurationName = Release;
		};
		7E8737B31FC0EAA6008EFC89 /* Build configuration list for PBXNativeTarget "WatchHRV WatchKit Extension" */ = {
			isa = XCConfigurationList;
			buildConfigurations = (
				7E8737B41FC0EAA6008EFC89 /* Debug */,
				7E8737B51FC0EAA6008EFC89 /* Release */,
			);
			defaultConfigurationIsVisible = 0;
			defaultConfigurationName = Release;
		};
		7E8737B71FC0EAA6008EFC89 /* Build configuration list for PBXNativeTarget "WatchHRV WatchKit App" */ = {
			isa = XCConfigurationList;
			buildConfigurations = (
				7E8737B81FC0EAA6008EFC89 /* Debug */,
				7E8737B91FC0EAA6008EFC89 /* Release */,
			);
			defaultConfigurationIsVisible = 0;
			defaultConfigurationName = Release;
		};
		7E8737BB1FC0EAA6008EFC89 /* Build configuration list for PBXNativeTarget "WatchHRV" */ = {
			isa = XCConfigurationList;
			buildConfigurations = (
				7E8737BC1FC0EAA6008EFC89 /* Debug */,
				7E8737BD1FC0EAA6008EFC89 /* Release */,
			);
			defaultConfigurationIsVisible = 0;
			defaultConfigurationName = Release;
		};
/* End XCConfigurationList section */
	};
	rootObject = 7E8737771FC0EAA6008EFC89 /* Project object */;
}
